
Microsoft Visual Studio Solution File, Format Version 12.00
# Visual Studio Version 17
VisualStudioVersion = 17.12.35707.178
MinimumVisualStudioVersion = 10.0.40219.1
Project("{FAE04EC0-301F-11D3-BF4B-00C04F79EFBC}") = "Elevate", "Elevate.csproj", "{C5D3FC55-D838-4B5E-B7F0-188050156A94}"
EndProject
Project("{FAE04EC0-301F-11D3-BF4B-00C04F79EFBC}") = "Elevate.Data", "..\Elevate.Data\Elevate.Data.csproj", "{2C4F9728-1BAE-4AA0-BD41-F1683D5FFB41}"
EndProject
Global
	GlobalSection(SolutionConfigurationPlatforms) = preSolution
		Debug|Any CPU = Debug|Any CPU
		Release|Any CPU = Release|Any CPU
	EndGlobalSection
	GlobalSection(ProjectConfigurationPlatforms) = postSolution
		{C5D3FC55-D838-4B5E-B7F0-188050156A94}.Debug|Any CPU.ActiveCfg = Debug|Any CPU
		{C5D3FC55-D838-4B5E-B7F0-188050156A94}.Debug|Any CPU.Build.0 = Debug|Any CPU
		{C5D3FC55-D838-4B5E-B7F0-188050156A94}.Release|Any CPU.ActiveCfg = Release|Any CPU
		{C5D3FC55-D838-4B5E-B7F0-188050156A94}.Release|Any CPU.Build.0 = Release|Any CPU
		{2C4F9728-1BAE-4AA0-BD41-F1683D5FFB41}.Debug|Any CPU.ActiveCfg = Debug|Any CPU
		{2C4F9728-1BAE-4AA0-BD41-F1683D5FFB41}.Debug|Any CPU.Build.0 = Debug|Any CPU
		{2C4F9728-1BAE-4AA0-BD41-F1683D5FFB41}.Release|Any CPU.ActiveCfg = Release|Any CPU
		{2C4F9728-1BAE-4AA0-BD41-F1683D5FFB41}.Release|Any CPU.Build.0 = Release|Any CPU
	EndGlobalSection
	GlobalSection(SolutionProperties) = preSolution
		HideSolutionNode = FALSE
	EndGlobalSection
EndGlobal
